
Microsoft Visual Studio Solution File, Format Version 12.00
# Visual Studio Version 16
VisualStudioVersion = 16.0.32510.428
MinimumVisualStudioVersion = 10.0.40219.1
Project("{FAE04EC0-301F-11D3-BF4B-00C04F79EFBC}") = "EntityBegi", "EntityBegi\EntityBegi.csproj", "{5CE03E14-0163-4E54-AD76-8D8474884AEF}"
EndProject
Global
	GlobalSection(SolutionConfigurationPlatforms) = preSolution
		Debug|Any CPU = Debug|Any CPU
		Release|Any CPU = Release|Any CPU
	EndGlobalSection
	GlobalSection(ProjectConfigurationPlatforms) = postSolution
		{5CE03E14-0163-4E54-AD76-8D8474884AEF}.Debug|Any CPU.ActiveCfg = Debug|Any CPU
		{5CE03E14-0163-4E54-AD76-8D8474884AEF}.Debug|Any CPU.Build.0 = Debug|Any CPU
		{5CE03E14-0163-4E54-AD76-8D8474884AEF}.Release|Any CPU.ActiveCfg = Release|Any CPU
		{5CE03E14-0163-4E54-AD76-8D8474884AEF}.Release|Any CPU.Build.0 = Release|Any CPU
	EndGlobalSection
	GlobalSection(SolutionProperties) = preSolution
		HideSolutionNode = FALSE
	EndGlobalSection
	GlobalSection(ExtensibilityGlobals) = postSolution
		SolutionGuid = {2D790AD4-5802-4BF2-BDB2-296F728502F6}
	EndGlobalSection
EndGlobal
